{
  "name": "CameraUtil",
  "version": "1.0.0",
  "lockfileVersion": 1,
  "requires": true,
  "dependencies": {
    "libcamera": {
      "version": "1.0.7",
      "resolved": "https://registry.npmjs.org/libcamera/-/libcamera-1.0.7.tgz",
      "integrity": "sha512-GSLyIh2jBs+n9UnCrESvej/ZQlhEuiAlYJhn15crFLdTdLwoI5HyvsdecFec8Jn1u+boJUG+MCdgsKrMJXL2iA=="
    }
  }
}
